
Microsoft Visual Studio Solution File, Format Version 12.00
# Visual Studio Version 16
VisualStudioVersion = 16.0.31025.194
MinimumVisualStudioVersion = 10.0.40219.1
Project("{FAE04EC0-301F-11D3-BF4B-00C04F79EFBC}") = "FirstSnifer", "FirstSnifer\FirstSnifer.csproj", "{EDAD8EF6-4A5F-4856-8876-E41B677C854D}"
EndProject
Global
	GlobalSection(SolutionConfigurationPlatforms) = preSolution
		Debug|Any CPU = Debug|Any CPU
		Release|Any CPU = Release|Any CPU
	EndGlobalSection
	GlobalSection(ProjectConfigurationPlatforms) = postSolution
		{EDAD8EF6-4A5F-4856-8876-E41B677C854D}.Debug|Any CPU.ActiveCfg = Debug|Any CPU
		{EDAD8EF6-4A5F-4856-8876-E41B677C854D}.Debug|Any CPU.Build.0 = Debug|Any CPU
		{EDAD8EF6-4A5F-4856-8876-E41B677C854D}.Release|Any CPU.ActiveCfg = Release|Any CPU
		{EDAD8EF6-4A5F-4856-8876-E41B677C854D}.Release|Any CPU.Build.0 = Release|Any CPU
	EndGlobalSection
	GlobalSection(SolutionProperties) = preSolution
		HideSolutionNode = FALSE
	EndGlobalSection
	GlobalSection(ExtensibilityGlobals) = postSolution
		SolutionGuid = {FD5D24BC-5AEA-4487-99B0-1DF0A7A59B40}
	EndGlobalSection
EndGlobal
